
Microsoft Visual Studio Solution File, Format Version 12.00
Project("{FAE04EC0-301F-11D3-BF4B-00C04F79EFBC}") = "Jev.net", "Jev.net\Jev.net.csproj", "{A11F8D6E-37AF-4148-A73B-CB20F784BE17}"
EndProject
Project("{FAE04EC0-301F-11D3-BF4B-00C04F79EFBC}") = "Jev.net.Tests", "Jev.net.Tests\Jev.net.Tests.csproj", "{0A34EA55-2E7B-4902-9156-7FDA8B591878}"
EndProject
Global
	GlobalSection(SolutionConfigurationPlatforms) = preSolution
		Debug|Any CPU = Debug|Any CPU
		Debug|x64 = Debug|x64
		Debug|x86 = Debug|x86
		Release|Any CPU = Release|Any CPU
		Release|x64 = Release|x64
		Release|x86 = Release|x86
	EndGlobalSection
	GlobalSection(ProjectConfigurationPlatforms) = postSolution
		{A11F8D6E-37AF-4148-A73B-CB20F784BE17}.Debug|Any CPU.ActiveCfg = Debug|Any CPU
		{A11F8D6E-37AF-4148-A73B-CB20F784BE17}.Debug|Any CPU.Build.0 = Debug|Any CPU
		{A11F8D6E-37AF-4148-A73B-CB20F784BE17}.Debug|x64.ActiveCfg = Debug|Any CPU
		{A11F8D6E-37AF-4148-A73B-CB20F784BE17}.Debug|x64.Build.0 = Debug|Any CPU
		{A11F8D6E-37AF-4148-A73B-CB20F784BE17}.Debug|x86.ActiveCfg = Debug|Any CPU
		{A11F8D6E-37AF-4148-A73B-CB20F784BE17}.Debug|x86.Build.0 = Debug|Any CPU
		{A11F8D6E-37AF-4148-A73B-CB20F784BE17}.Release|Any CPU.ActiveCfg = Release|Any CPU
		{A11F8D6E-37AF-4148-A73B-CB20F784BE17}.Release|Any CPU.Build.0 = Release|Any CPU
		{A11F8D6E-37AF-4148-A73B-CB20F784BE17}.Release|x64.ActiveCfg = Release|Any CPU
		{A11F8D6E-37AF-4148-A73B-CB20F784BE17}.Release|x64.Build.0 = Release|Any CPU
		{A11F8D6E-37AF-4148-A73B-CB20F784BE17}.Release|x86.ActiveCfg = Release|Any CPU
		{A11F8D6E-37AF-4148-A73B-CB20F784BE17}.Release|x86.Build.0 = Release|Any CPU
		{0A34EA55-2E7B-4902-9156-7FDA8B591878}.Debug|Any CPU.ActiveCfg = Debug|Any CPU
		{0A34EA55-2E7B-4902-9156-7FDA8B591878}.Debug|Any CPU.Build.0 = Debug|Any CPU
		{0A34EA55-2E7B-4902-9156-7FDA8B591878}.Debug|x64.ActiveCfg = Debug|Any CPU
		{0A34EA55-2E7B-4902-9156-7FDA8B591878}.Debug|x64.Build.0 = Debug|Any CPU
		{0A34EA55-2E7B-4902-9156-7FDA8B591878}.Debug|x86.ActiveCfg = Debug|Any CPU
		{0A34EA55-2E7B-4902-9156-7FDA8B591878}.Debug|x86.Build.0 = Debug|Any CPU
		{0A34EA55-2E7B-4902-9156-7FDA8B591878}.Release|Any CPU.ActiveCfg = Release|Any CPU
		{0A34EA55-2E7B-4902-9156-7FDA8B591878}.Release|Any CPU.Build.0 = Release|Any CPU
		{0A34EA55-2E7B-4902-9156-7FDA8B591878}.Release|x64.ActiveCfg = Release|Any CPU
		{0A34EA55-2E7B-4902-9156-7FDA8B591878}.Release|x64.Build.0 = Release|Any CPU
		{0A34EA55-2E7B-4902-9156-7FDA8B591878}.Release|x86.ActiveCfg = Release|Any CPU
		{0A34EA55-2E7B-4902-9156-7FDA8B591878}.Release|x86.Build.0 = Release|Any CPU
	EndGlobalSection
	GlobalSection(SolutionProperties) = preSolution
		HideSolutionNode = FALSE
	EndGlobalSection
EndGlobal
